
Microsoft Visual Studio Solution File, Format Version 12.00
# Visual Studio Version 17
VisualStudioVersion = 17.5.002.0
MinimumVisualStudioVersion = 10.0.40219.1
Project("{9A19103F-16F7-4668-BE54-9A1E7A4F7556}") = "CinemaAPI", "CinemaAPI.csproj", "{F16B1166-0ED2-4B67-B9EB-F6E28A5735ED}"
EndProject
Global
	GlobalSection(SolutionConfigurationPlatforms) = preSolution
		Debug|Any CPU = Debug|Any CPU
		Release|Any CPU = Release|Any CPU
	EndGlobalSection
	GlobalSection(ProjectConfigurationPlatforms) = postSolution
		{F16B1166-0ED2-4B67-B9EB-F6E28A5735ED}.Debug|Any CPU.ActiveCfg = Debug|Any CPU
		{F16B1166-0ED2-4B67-B9EB-F6E28A5735ED}.Debug|Any CPU.Build.0 = Debug|Any CPU
		{F16B1166-0ED2-4B67-B9EB-F6E28A5735ED}.Release|Any CPU.ActiveCfg = Release|Any CPU
		{F16B1166-0ED2-4B67-B9EB-F6E28A5735ED}.Release|Any CPU.Build.0 = Release|Any CPU
	EndGlobalSection
	GlobalSection(SolutionProperties) = preSolution
		HideSolutionNode = FALSE
	EndGlobalSection
	GlobalSection(ExtensibilityGlobals) = postSolution
		SolutionGuid = {26299E3A-E574-4D19-B9E1-3C915E27EE81}
	EndGlobalSection
EndGlobal
